
Microsoft Visual Studio Solution File, Format Version 12.00
# Visual Studio 2012
Project("{FAE04EC0-301F-11D3-BF4B-00C04F79EFBC}") = "Aplicacion03", "Aplicacion03\Aplicacion03.csproj", "{A164378E-DCEE-446C-8E2D-818F232729C0}"
EndProject
Global
	GlobalSection(SolutionConfigurationPlatforms) = preSolution
		Debug|Any CPU = Debug|Any CPU
		Release|Any CPU = Release|Any CPU
	EndGlobalSection
	GlobalSection(ProjectConfigurationPlatforms) = postSolution
		{A164378E-DCEE-446C-8E2D-818F232729C0}.Debug|Any CPU.ActiveCfg = Debug|Any CPU
		{A164378E-DCEE-446C-8E2D-818F232729C0}.Debug|Any CPU.Build.0 = Debug|Any CPU
		{A164378E-DCEE-446C-8E2D-818F232729C0}.Release|Any CPU.ActiveCfg = Release|Any CPU
		{A164378E-DCEE-446C-8E2D-818F232729C0}.Release|Any CPU.Build.0 = Release|Any CPU
	EndGlobalSection
	GlobalSection(SolutionProperties) = preSolution
		HideSolutionNode = FALSE
	EndGlobalSection
EndGlobal
